// !$*UTF8*$!
{
	archiveVersion = 1;
	classes = {
	};
	objectVersion = 46;
	objects = {

/* Begin PBXBuildFile section */
		EB0300971CA11DBF005AA01B /* main.m in Sources */ = {isa = PBXBuildFile; fileRef = EB0300961CA11DBF005AA01B /* main.m */; };
		EB03009A1CA11DBF005AA01B /* AppDelegate.m in Sources */ = {isa = PBXBuildFile; fileRef = EB0300991CA11DBF005AA01B /* AppDelegate.m */; };
		EB03009D1CA11DBF005AA01B /* ViewController.m in Sources */ = {isa = PBXBuildFile; fileRef = EB03009C1CA11DBF005AA01B /* ViewController.m */; };
		EB0300A01CA11DBF005AA01B /* Main.storyboard in Resources */ = {isa = PBXBuildFile; fileRef = EB03009E1CA11DBF005AA01B /* Main.storyboard */; };
		EB0300A21CA11DBF005AA01B /* Assets.xcassets in Resources */ = {isa = PBXBuildFile; fileRef = EB0300A11CA11DBF005AA01B /* Assets.xcassets */; };
		EB0300A51CA11DBF005AA01B /* LaunchScreen.storyboard in Resources */ = {isa = PBXBuildFile; fileRef = EB0300A31CA11DBF005AA01B /* LaunchScreen.storyboard */; };
		EB0FCADD1CA12B4100011002 /* YLTabBarButton.m in Sources */ = {isa = PBXBuildFile; fileRef = EB0FCADC1CA12B4100011002 /* YLTabBarButton.m */; };
		EB0FCAE01CA12BD000011002 /* YLBadgeButton.m in Sources */ = {isa = PBXBuildFile; fileRef = EB0FCADF1CA12BD000011002 /* YLBadgeButton.m */; };
		EB0FCAEE1CA130B700011002 /* UIImage+YL.m in Sources */ = {isa = PBXBuildFile; fileRef = EB0FCAED1CA130B700011002 /* UIImage+YL.m */; };
		EB2980821CA420E7008DB6BB /* new_feature_1-568h@2x.png in Resources */ = {isa = PBXBuildFile; fileRef = EB29807F1CA420E7008DB6BB /* new_feature_1-568h@2x.png */; };
		EB2980831CA420E7008DB6BB /* new_feature_2-568h@2x.png in Resources */ = {isa = PBXBuildFile; fileRef = EB2980801CA420E7008DB6BB /* new_feature_2-568h@2x.png */; };
		EB2980841CA420E7008DB6BB /* new_feature_3-568h@2x.png in Resources */ = {isa = PBXBuildFile; fileRef = EB2980811CA420E7008DB6BB /* new_feature_3-568h@2x.png */; };
		EB2980871CA423DD008DB6BB /* YLMeVC.m in Sources */ = {isa = PBXBuildFile; fileRef = EB2980861CA423DD008DB6BB /* YLMeVC.m */; };
		EB868E7F1CA1238600C0C82E /* YLTabbarC.m in Sources */ = {isa = PBXBuildFile; fileRef = EB868E7C1CA1238600C0C82E /* YLTabbarC.m */; };
		EB868E821CA123A600C0C82E /* YLTabBar.m in Sources */ = {isa = PBXBuildFile; fileRef = EB868E811CA123A600C0C82E /* YLTabBar.m */; };
		EB9FA1341CA173E70081010D /* UIView+Extension.m in Sources */ = {isa = PBXBuildFile; fileRef = EB9FA1321CA173E70081010D /* UIView+Extension.m */; };
		EB9FA1371CA2CE4A0081010D /* YLHomeVC.m in Sources */ = {isa = PBXBuildFile; fileRef = EB9FA1361CA2CE4A0081010D /* YLHomeVC.m */; };
		EB9FA13A1CA2CE690081010D /* YLDiscoverVC.m in Sources */ = {isa = PBXBuildFile; fileRef = EB9FA1391CA2CE690081010D /* YLDiscoverVC.m */; };
		EB9FA1401CA2CEB00081010D /* YLMessageVC.m in Sources */ = {isa = PBXBuildFile; fileRef = EB9FA13F1CA2CEB00081010D /* YLMessageVC.m */; };
		EB9FA1431CA2D37D0081010D /* YLNavigationC.m in Sources */ = {isa = PBXBuildFile; fileRef = EB9FA1421CA2D37D0081010D /* YLNavigationC.m */; };
		EBCA85221CB3F55800435344 /* UIColor+Extension.m in Sources */ = {isa = PBXBuildFile; fileRef = EBCA85211CB3F55800435344 /* UIColor+Extension.m */; };
/* End PBXBuildFile section */

/* Begin PBXFileReference section */
		EB0300921CA11DBF005AA01B /* iOSWeiBo.app */ = {isa = PBXFileReference; explicitFileType = wrapper.application; includeInIndex = 0; path = iOSWeiBo.app; sourceTree = BUILT_PRODUCTS_DIR; };
		EB0300961CA11DBF005AA01B /* main.m */ = {isa = PBXFileReference; lastKnownFileType = sourcecode.c.objc; path = main.m; sourceTree = "<group>"; };
		EB0300981CA11DBF005AA01B /* AppDelegate.h */ = {isa = PBXFileReference; lastKnownFileType = sourcecode.c.h; path = AppDelegate.h; sourceTree = "<group>"; };
		EB0300991CA11DBF005AA01B /* AppDelegate.m */ = {isa = PBXFileReference; lastKnownFileType = sourcecode.c.objc; path = AppDelegate.m; sourceTree = "<group>"; };
		EB03009B1CA11DBF005AA01B /* ViewController.h */ = {isa = PBXFileReference; lastKnownFileType = sourcecode.c.h; path = ViewController.h; sourceTree = "<group>"; };
		EB03009C1CA11DBF005AA01B /* ViewController.m */ = {isa = PBXFileReference; lastKnownFileType = sourcecode.c.objc; path = ViewController.m; sourceTree = "<group>"; };
		EB03009F1CA11DBF005AA01B /* Base */ = {isa = PBXFileReference; lastKnownFileType = file.storyboard; name = Base; path = Base.lproj/Main.storyboard; sourceTree = "<group>"; };
		EB0300A11CA11DBF005AA01B /* Assets.xcassets */ = {isa = PBXFileReference; lastKnownFileType = folder.assetcatalog; path = Assets.xcassets; sourceTree = "<group>"; };
		EB0300A41CA11DBF005AA01B /* Base */ = {isa = PBXFileReference; lastKnownFileType = file.storyboard; name = Base; path = Base.lproj/LaunchScreen.storyboard; sourceTree = "<group>"; };
		EB0300A61CA11DBF005AA01B /* Info.plist */ = {isa = PBXFileReference; lastKnownFileType = text.plist.xml; path = Info.plist; sourceTree = "<group>"; };
		EB0FCADB1CA12B4100011002 /* YLTabBarButton.h */ = {isa = PBXFileReference; fileEncoding = 4; lastKnownFileType = sourcecode.c.h; path = YLTabBarButton.h; sourceTree = "<group>"; };
		EB0FCADC1CA12B4100011002 /* YLTabBarButton.m */ = {isa = PBXFileReference; fileEncoding = 4; lastKnownFileType = sourcecode.c.objc; path = YLTabBarButton.m; sourceTree = "<group>"; };
		EB0FCADE1CA12BD000011002 /* YLBadgeButton.h */ = {isa = PBXFileReference; fileEncoding = 4; lastKnownFileType = sourcecode.c.h; path = YLBadgeButton.h; sourceTree = "<group>"; };
		EB0FCADF1CA12BD000011002 /* YLBadgeButton.m */ = {isa = PBXFileReference; fileEncoding = 4; lastKnownFileType = sourcecode.c.objc; path = YLBadgeButton.m; sourceTree = "<group>"; };
		EB0FCAEC1CA130B700011002 /* UIImage+YL.h */ = {isa = PBXFileReference; fileEncoding = 4; lastKnownFileType = sourcecode.c.h; path = "UIImage+YL.h"; sourceTree = "<group>"; };
		EB0FCAED1CA130B700011002 /* UIImage+YL.m */ = {isa = PBXFileReference; fileEncoding = 4; lastKnownFileType = sourcecode.c.objc; path = "UIImage+YL.m"; sourceTree = "<group>"; };
		EB29807F1CA420E7008DB6BB /* new_feature_1-568h@2x.png */ = {isa = PBXFileReference; lastKnownFileType = image.png; path = "new_feature_1-568h@2x.png"; sourceTree = "<group>"; };
		EB2980801CA420E7008DB6BB /* new_feature_2-568h@2x.png */ = {isa = PBXFileReference; lastKnownFileType = image.png; path = "new_feature_2-568h@2x.png"; sourceTree = "<group>"; };
		EB2980811CA420E7008DB6BB /* new_feature_3-568h@2x.png */ = {isa = PBXFileReference; lastKnownFileType = image.png; path = "new_feature_3-568h@2x.png"; sourceTree = "<group>"; };
		EB2980851CA423DD008DB6BB /* YLMeVC.h */ = {isa = PBXFileReference; fileEncoding = 4; lastKnownFileType = sourcecode.c.h; path = YLMeVC.h; sourceTree = "<group>"; };
		EB2980861CA423DD008DB6BB /* YLMeVC.m */ = {isa = PBXFileReference; fileEncoding = 4; lastKnownFileType = sourcecode.c.objc; path = YLMeVC.m; sourceTree = "<group>"; };
		EB868E7B1CA1238600C0C82E /* YLTabbarC.h */ = {isa = PBXFileReference; fileEncoding = 4; lastKnownFileType = sourcecode.c.h; path = YLTabbarC.h; sourceTree = "<group>"; };
		EB868E7C1CA1238600C0C82E /* YLTabbarC.m */ = {isa = PBXFileReference; fileEncoding = 4; lastKnownFileType = sourcecode.c.objc; path = YLTabbarC.m; sourceTree = "<group>"; };
		EB868E801CA123A600C0C82E /* YLTabBar.h */ = {isa = PBXFileReference; fileEncoding = 4; lastKnownFileType = sourcecode.c.h; path = YLTabBar.h; sourceTree = "<group>"; };
		EB868E811CA123A600C0C82E /* YLTabBar.m */ = {isa = PBXFileReference; fileEncoding = 4; lastKnownFileType = sourcecode.c.objc; path = YLTabBar.m; sourceTree = "<group>"; };
		EB8CBF011CA43F0B007544BB /* YLCommon.h */ = {isa = PBXFileReference; lastKnownFileType = sourcecode.c.h; path = YLCommon.h; sourceTree = "<group>"; };
		EB9FA1311CA173E70081010D /* UIView+Extension.h */ = {isa = PBXFileReference; fileEncoding = 4; lastKnownFileType = sourcecode.c.h; path = "UIView+Extension.h"; sourceTree = "<group>"; };
		EB9FA1321CA173E70081010D /* UIView+Extension.m */ = {isa = PBXFileReference; fileEncoding = 4; lastKnownFileType = sourcecode.c.objc; path = "UIView+Extension.m"; sourceTree = "<group>"; };
		EB9FA1331CA173E70081010D /* YLCategoryUIViewExtension.h */ = {isa = PBXFileReference; fileEncoding = 4; lastKnownFileType = sourcecode.c.h; path = YLCategoryUIViewExtension.h; sourceTree = "<group>"; };
		EB9FA1351CA2CE4A0081010D /* YLHomeVC.h */ = {isa = PBXFileReference; fileEncoding = 4; lastKnownFileType = sourcecode.c.h; path = YLHomeVC.h; sourceTree = "<group>"; };
		EB9FA1361CA2CE4A0081010D /* YLHomeVC.m */ = {isa = PBXFileReference; fileEncoding = 4; lastKnownFileType = sourcecode.c.objc; path = YLHomeVC.m; sourceTree = "<group>"; };
		EB9FA1381CA2CE690081010D /* YLDiscoverVC.h */ = {isa = PBXFileReference; fileEncoding = 4; lastKnownFileType = sourcecode.c.h; path = YLDiscoverVC.h; sourceTree = "<group>"; };
		EB9FA1391CA2CE690081010D /* YLDiscoverVC.m */ = {isa = PBXFileReference; fileEncoding = 4; lastKnownFileType = sourcecode.c.objc; path = YLDiscoverVC.m; sourceTree = "<group>"; };
		EB9FA13E1CA2CEB00081010D /* YLMessageVC.h */ = {isa = PBXFileReference; fileEncoding = 4; lastKnownFileType = sourcecode.c.h; path = YLMessageVC.h; sourceTree = "<group>"; };
		EB9FA13F1CA2CEB00081010D /* YLMessageVC.m */ = {isa = PBXFileReference; fileEncoding = 4; lastKnownFileType = sourcecode.c.objc; path = YLMessageVC.m; sourceTree = "<group>"; };
		EB9FA1411CA2D37D0081010D /* YLNavigationC.h */ = {isa = PBXFileReference; fileEncoding = 4; lastKnownFileType = sourcecode.c.h; path = YLNavigationC.h; sourceTree = "<group>"; };
		EB9FA1421CA2D37D0081010D /* YLNavigationC.m */ = {isa = PBXFileReference; fileEncoding = 4; lastKnownFileType = sourcecode.c.objc; path = YLNavigationC.m; sourceTree = "<group>"; };
		EBCA85201CB3F55800435344 /* UIColor+Extension.h */ = {isa = PBXFileReference; fileEncoding = 4; lastKnownFileType = sourcecode.c.h; path = "UIColor+Extension.h"; sourceTree = "<group>"; };
		EBCA85211CB3F55800435344 /* UIColor+Extension.m */ = {isa = PBXFileReference; fileEncoding = 4; lastKnownFileType = sourcecode.c.objc; path = "UIColor+Extension.m"; sourceTree = "<group>"; };
/* End PBXFileReference section */

/* Begin PBXFrameworksBuildPhase section */
		EB03008F1CA11DBF005AA01B /* Frameworks */ = {
			isa = PBXFrameworksBuildPhase;
			buildActionMask = 2147483647;
			files = (
			);
			runOnlyForDeploymentPostprocessing = 0;
		};
/* End PBXFrameworksBuildPhase section */

/* Begin PBXGroup section */
		EB0300891CA11DBE005AA01B = {
			isa = PBXGroup;
			children = (
				EB0300941CA11DBF005AA01B /* iOSWeiBo */,
				EB0300931CA11DBF005AA01B /* Products */,
			);
			sourceTree = "<group>";
		};
		EB0300931CA11DBF005AA01B /* Products */ = {
			isa = PBXGroup;
			children = (
				EB0300921CA11DBF005AA01B /* iOSWeiBo.app */,
			);
			name = Products;
			sourceTree = "<group>";
		};
		EB0300941CA11DBF005AA01B /* iOSWeiBo */ = {
			isa = PBXGroup;
			children = (
				EB8CBF011CA43F0B007544BB /* YLCommon.h */,
				EB0300B61CA11FEE005AA01B /* Discover(广场) */,
				EB0300B71CA11FEE005AA01B /* Home(首页) */,
				EB0300B81CA11FEE005AA01B /* Main(主要) */,
				EB0300B91CA11FEE005AA01B /* Me(我) */,
				EB0300BA1CA11FEE005AA01B /* Message(消息) */,
				EB0FCAE61CA1307C00011002 /* Category */,
				EB0300981CA11DBF005AA01B /* AppDelegate.h */,
				EB0300991CA11DBF005AA01B /* AppDelegate.m */,
				EB03009B1CA11DBF005AA01B /* ViewController.h */,
				EB03009C1CA11DBF005AA01B /* ViewController.m */,
				EB03009E1CA11DBF005AA01B /* Main.storyboard */,
				EB0300A11CA11DBF005AA01B /* Assets.xcassets */,
				EB0300A31CA11DBF005AA01B /* LaunchScreen.storyboard */,
				EB0300A61CA11DBF005AA01B /* Info.plist */,
				EB0300951CA11DBF005AA01B /* Supporting Files */,
			);
			path = iOSWeiBo;
			sourceTree = "<group>";
		};
		EB0300951CA11DBF005AA01B /* Supporting Files */ = {
			isa = PBXGroup;
			children = (
				EB29807F1CA420E7008DB6BB /* new_feature_1-568h@2x.png */,
				EB2980801CA420E7008DB6BB /* new_feature_2-568h@2x.png */,
				EB2980811CA420E7008DB6BB /* new_feature_3-568h@2x.png */,
				EB0300961CA11DBF005AA01B /* main.m */,
			);
			name = "Supporting Files";
			sourceTree = "<group>";
		};
		EB0300B61CA11FEE005AA01B /* Discover(广场) */ = {
			isa = PBXGroup;
			children = (
				EB9FA1381CA2CE690081010D /* YLDiscoverVC.h */,
				EB9FA1391CA2CE690081010D /* YLDiscoverVC.m */,
			);
			path = "Discover(广场)";
			sourceTree = "<group>";
		};
		EB0300B71CA11FEE005AA01B /* Home(首页) */ = {
			isa = PBXGroup;
			children = (
				EB9FA1351CA2CE4A0081010D /* YLHomeVC.h */,
				EB9FA1361CA2CE4A0081010D /* YLHomeVC.m */,
			);
			path = "Home(首页)";
			sourceTree = "<group>";
		};
		EB0300B81CA11FEE005AA01B /* Main(主要) */ = {
			isa = PBXGroup;
			children = (
				EB868E7A1CA1238600C0C82E /* Controller */,
				EB868E7D1CA1238600C0C82E /* Model */,
				EB868E7E1CA1238600C0C82E /* View */,
			);
			path = "Main(主要)";
			sourceTree = "<group>";
		};
		EB0300B91CA11FEE005AA01B /* Me(我) */ = {
			isa = PBXGroup;
			children = (
				EB2980851CA423DD008DB6BB /* YLMeVC.h */,
				EB2980861CA423DD008DB6BB /* YLMeVC.m */,
			);
			path = "Me(我)";
			sourceTree = "<group>";
		};
		EB0300BA1CA11FEE005AA01B /* Message(消息) */ = {
			isa = PBXGroup;
			children = (
				EB9FA13E1CA2CEB00081010D /* YLMessageVC.h */,
				EB9FA13F1CA2CEB00081010D /* YLMessageVC.m */,
			);
			path = "Message(消息)";
			sourceTree = "<group>";
		};
		EB0FCAE61CA1307C00011002 /* Category */ = {
			isa = PBXGroup;
			children = (
				EBCA851F1CB3F55800435344 /* UIColor+Extension */,
				EB9FA1301CA173E70081010D /* UIView+Extension */,
				EB0FCAEB1CA130B700011002 /* UIImage+YL */,
			);
			path = Category;
			sourceTree = "<group>";
		};
		EB0FCAEB1CA130B700011002 /* UIImage+YL */ = {
			isa = PBXGroup;
			children = (
				EB0FCAEC1CA130B700011002 /* UIImage+YL.h */,
				EB0FCAED1CA130B700011002 /* UIImage+YL.m */,
			);
			path = "UIImage+YL";
			sourceTree = "<group>";
		};
		EB868E7A1CA1238600C0C82E /* Controller */ = {
			isa = PBXGroup;
			children = (
				EB868E7B1CA1238600C0C82E /* YLTabbarC.h */,
				EB868E7C1CA1238600C0C82E /* YLTabbarC.m */,
				EB9FA1411CA2D37D0081010D /* YLNavigationC.h */,
				EB9FA1421CA2D37D0081010D /* YLNavigationC.m */,
			);
			path = Controller;
			sourceTree = "<group>";
		};
		EB868E7D1CA1238600C0C82E /* Model */ = {
			isa = PBXGroup;
			children = (
			);
			path = Model;
			sourceTree = "<group>";
		};
		EB868E7E1CA1238600C0C82E /* View */ = {
			isa = PBXGroup;
			children = (
				EB868E801CA123A600C0C82E /* YLTabBar.h */,
				EB868E811CA123A600C0C82E /* YLTabBar.m */,
				EB0FCADB1CA12B4100011002 /* YLTabBarButton.h */,
				EB0FCADC1CA12B4100011002 /* YLTabBarButton.m */,
				EB0FCADE1CA12BD000011002 /* YLBadgeButton.h */,
				EB0FCADF1CA12BD000011002 /* YLBadgeButton.m */,
			);
			path = View;
			sourceTree = "<group>";
		};
		EB9FA1301CA173E70081010D /* UIView+Extension */ = {
			isa = PBXGroup;
			children = (
				EB9FA1311CA173E70081010D /* UIView+Extension.h */,
				EB9FA1321CA173E70081010D /* UIView+Extension.m */,
				EB9FA1331CA173E70081010D /* YLCategoryUIViewExtension.h */,
			);
			path = "UIView+Extension";
			sourceTree = "<group>";
		};
		EBCA851F1CB3F55800435344 /* UIColor+Extension */ = {
			isa = PBXGroup;
			children = (
				EBCA85201CB3F55800435344 /* UIColor+Extension.h */,
				EBCA85211CB3F55800435344 /* UIColor+Extension.m */,
			);
			path = "UIColor+Extension";
			sourceTree = "<group>";
		};
/* End PBXGroup section */

/* Begin PBXNativeTarget section */
		EB0300911CA11DBF005AA01B /* iOSWeiBo */ = {
			isa = PBXNativeTarget;
			buildConfigurationList = EB0300A91CA11DBF005AA01B /* Build configuration list for PBXNativeTarget "iOSWeiBo" */;
			buildPhases = (
				EB03008E1CA11DBF005AA01B /* Sources */,
				EB03008F1CA11DBF005AA01B /* Frameworks */,
				EB0300901CA11DBF005AA01B /* Resources */,
			);
			buildRules = (
			);
			dependencies = (
			);
			name = iOSWeiBo;
			productName = iOSWeiBo;
			productReference = EB0300921CA11DBF005AA01B /* iOSWeiBo.app */;
			productType = "com.apple.product-type.application";
		};
/* End PBXNativeTarget section */

/* Begin PBXProject section */
		EB03008A1CA11DBF005AA01B /* Project object */ = {
			isa = PBXProject;
			attributes = {
				LastUpgradeCheck = 0720;
				ORGANIZATIONNAME = com.ylgwhyh.iOSWeiBo;
				TargetAttributes = {
					EB0300911CA11DBF005AA01B = {
						CreatedOnToolsVersion = 7.2.1;
						DevelopmentTeam = VD58PNDPW6;
					};
				};
			};
			buildConfigurationList = EB03008D1CA11DBF005AA01B /* Build configuration list for PBXProject "iOSWeiBo" */;
			compatibilityVersion = "Xcode 3.2";
			developmentRegion = English;
			hasScannedForEncodings = 0;
			knownRegions = (
				en,
				Base,
			);
			mainGroup = EB0300891CA11DBE005AA01B;
			productRefGroup = EB0300931CA11DBF005AA01B /* Products */;
			projectDirPath = "";
			projectRoot = "";
			targets = (
				EB0300911CA11DBF005AA01B /* iOSWeiBo */,
			);
		};
/* End PBXProject section */

/* Begin PBXResourcesBuildPhase section */
		EB0300901CA11DBF005AA01B /* Resources */ = {
			isa = PBXResourcesBuildPhase;
			buildActionMask = 2147483647;
			files = (
				EB0300A51CA11DBF005AA01B /* LaunchScreen.storyboard in Resources */,
				EB2980831CA420E7008DB6BB /* new_feature_2-568h@2x.png in Resources */,
				EB0300A21CA11DBF005AA01B /* Assets.xcassets in Resources */,
				EB0300A01CA11DBF005AA01B /* Main.storyboard in Resources */,
				EB2980821CA420E7008DB6BB /* new_feature_1-568h@2x.png in Resources */,
				EB2980841CA420E7008DB6BB /* new_feature_3-568h@2x.png in Resources */,
			);
			runOnlyForDeploymentPostprocessing = 0;
		};
/* End PBXResourcesBuildPhase section */

/* Begin PBXSourcesBuildPhase section */
		EB03008E1CA11DBF005AA01B /* Sources */ = {
			isa = PBXSourcesBuildPhase;
			buildActionMask = 2147483647;
			files = (
				EB9FA1341CA173E70081010D /* UIView+Extension.m in Sources */,
				EB0FCAEE1CA130B700011002 /* UIImage+YL.m in Sources */,
				EB9FA1371CA2CE4A0081010D /* YLHomeVC.m in Sources */,
				EB2980871CA423DD008DB6BB /* YLMeVC.m in Sources */,
				EB03009D1CA11DBF005AA01B /* ViewController.m in Sources */,
				EB0FCAE01CA12BD000011002 /* YLBadgeButton.m in Sources */,
				EB9FA1431CA2D37D0081010D /* YLNavigationC.m in Sources */,
				EBCA85221CB3F55800435344 /* UIColor+Extension.m in Sources */,
				EB868E821CA123A600C0C82E /* YLTabBar.m in Sources */,
				EB9FA13A1CA2CE690081010D /* YLDiscoverVC.m in Sources */,
				EB0FCADD1CA12B4100011002 /* YLTabBarButton.m in Sources */,
				EB03009A1CA11DBF005AA01B /* AppDelegate.m in Sources */,
				EB868E7F1CA1238600C0C82E /* YLTabbarC.m in Sources */,
				EB9FA1401CA2CEB00081010D /* YLMessageVC.m in Sources */,
				EB0300971CA11DBF005AA01B /* main.m in Sources */,
			);
			runOnlyForDeploymentPostprocessing = 0;
		};
/* End PBXSourcesBuildPhase section */

/* Begin PBXVariantGroup section */
		EB03009E1CA11DBF005AA01B /* Main.storyboard */ = {
			isa = PBXVariantGroup;
			children = (
				EB03009F1CA11DBF005AA01B /* Base */,
			);
			name = Main.storyboard;
			sourceTree = "<group>";
		};
		EB0300A31CA11DBF005AA01B /* LaunchScreen.storyboard */ = {
			isa = PBXVariantGroup;
			children = (
				EB0300A41CA11DBF005AA01B /* Base */,
			);
			name = LaunchScreen.storyboard;
			sourceTree = "<group>";
		};
/* End PBXVariantGroup section */

/* Begin XCBuildConfiguration section */
		EB0300A71CA11DBF005AA01B /* Debug */ = {
			isa = XCBuildConfiguration;
			buildSettings = {
				ALWAYS_SEARCH_USER_PATHS = NO;
				CLANG_CXX_LANGUAGE_STANDARD = "gnu++0x";
				CLANG_CXX_LIBRARY = "libc++";
				CLANG_ENABLE_MODULES = YES;
				CLANG_ENABLE_OBJC_ARC = YES;
				CLANG_WARN_BOOL_CONVERSION = YES;
				CLANG_WARN_CONSTANT_CONVERSION = YES;
				CLANG_WARN_DIRECT_OBJC_ISA_USAGE = YES_ERROR;
				CLANG_WARN_EMPTY_BODY = YES;
				CLANG_WARN_ENUM_CONVERSION = YES;
				CLANG_WARN_INT_CONVERSION = YES;
				CLANG_WARN_OBJC_ROOT_CLASS = YES_ERROR;
				CLANG_WARN_UNREACHABLE_CODE = YES;
				CLANG_WARN__DUPLICATE_METHOD_MATCH = YES;
				"CODE_SIGN_IDENTITY[sdk=iphoneos*]" = "iPhone Developer";
				COPY_PHASE_STRIP = NO;
				DEBUG_INFORMATION_FORMAT = dwarf;
				ENABLE_STRICT_OBJC_MSGSEND = YES;
				ENABLE_TESTABILITY = YES;
				GCC_C_LANGUAGE_STANDARD = gnu99;
				GCC_DYNAMIC_NO_PIC = NO;
				GCC_NO_COMMON_BLOCKS = YES;
				GCC_OPTIMIZATION_LEVEL = 0;
				GCC_PREPROCESSOR_DEFINITIONS = (
					"DEBUG=1",
					"$(inherited)",
				);
				GCC_WARN_64_TO_32_BIT_CONVERSION = YES;
				GCC_WARN_ABOUT_RETURN_TYPE = YES_ERROR;
				GCC_WARN_UNDECLARED_SELECTOR = YES;
				GCC_WARN_UNINITIALIZED_AUTOS = YES_AGGRESSIVE;
				GCC_WARN_UNUSED_FUNCTION = YES;
				GCC_WARN_UNUSED_VARIABLE = YES;
				IPHONEOS_DEPLOYMENT_TARGET = 9.2;
				MTL_ENABLE_DEBUG_INFO = YES;
				ONLY_ACTIVE_ARCH = YES;
				SDKROOT = iphoneos;
			};
			name = Debug;
		};
		EB0300A81CA11DBF005AA01B /* Release */ = {
			isa = XCBuildConfiguration;
			buildSettings = {
				ALWAYS_SEARCH_USER_PATHS = NO;
				CLANG_CXX_LANGUAGE_STANDARD = "gnu++0x";
				CLANG_CXX_LIBRARY = "libc++";
				CLANG_ENABLE_MODULES = YES;
				CLANG_ENABLE_OBJC_ARC = YES;
				CLANG_WARN_BOOL_CONVERSION = YES;
				CLANG_WARN_CONSTANT_CONVERSION = YES;
				CLANG_WARN_DIRECT_OBJC_ISA_USAGE = YES_ERROR;
				CLANG_WARN_EMPTY_BODY = YES;
				CLANG_WARN_ENUM_CONVERSION = YES;
				CLANG_WARN_INT_CONVERSION = YES;
				CLANG_WARN_OBJC_ROOT_CLASS = YES_ERROR;
				CLANG_WARN_UNREACHABLE_CODE = YES;
				CLANG_WARN__DUPLICATE_METHOD_MATCH = YES;
				"CODE_SIGN_IDENTITY[sdk=iphoneos*]" = "iPhone Developer";
				COPY_PHASE_STRIP = NO;
				DEBUG_INFORMATION_FORMAT = "dwarf-with-dsym";
				ENABLE_NS_ASSERTIONS = NO;
				ENABLE_STRICT_OBJC_MSGSEND = YES;
				GCC_C_LANGUAGE_STANDARD = gnu99;
				GCC_NO_COMMON_BLOCKS = YES;
				GCC_WARN_64_TO_32_BIT_CONVERSION = YES;
				GCC_WARN_ABOUT_RETURN_TYPE = YES_ERROR;
				GCC_WARN_UNDECLARED_SELECTOR = YES;
				GCC_WARN_UNINITIALIZED_AUTOS = YES_AGGRESSIVE;
				GCC_WARN_UNUSED_FUNCTION = YES;
				GCC_WARN_UNUSED_VARIABLE = YES;
				IPHONEOS_DEPLOYMENT_TARGET = 9.2;
				MTL_ENABLE_DEBUG_INFO = NO;
				SDKROOT = iphoneos;
				VALIDATE_PRODUCT = YES;
			};
			name = Release;
		};
		EB0300AA1CA11DBF005AA01B /* Debug */ = {
			isa = XCBuildConfiguration;
			buildSettings = {
				ASSETCATALOG_COMPILER_APPICON_NAME = AppIcon;
				CODE_SIGN_IDENTITY = "iPhone Developer";
				INFOPLIST_FILE = iOSWeiBo/Info.plist;
				IPHONEOS_DEPLOYMENT_TARGET = 7.0;
				LD_RUNPATH_SEARCH_PATHS = "$(inherited) @executable_path/Frameworks";
				PRODUCT_BUNDLE_IDENTIFIER = comylgwhyh.iOSWeiBo;
				PRODUCT_NAME = "$(TARGET_NAME)";
			};
			name = Debug;
		};
		EB0300AB1CA11DBF005AA01B /* Release */ = {
			isa = XCBuildConfiguration;
			buildSettings = {
				ASSETCATALOG_COMPILER_APPICON_NAME = AppIcon;
				CODE_SIGN_IDENTITY = "iPhone Developer";
				INFOPLIST_FILE = iOSWeiBo/Info.plist;
				IPHONEOS_DEPLOYMENT_TARGET = 7.0;
				LD_RUNPATH_SEARCH_PATHS = "$(inherited) @executable_path/Frameworks";
				PRODUCT_BUNDLE_IDENTIFIER = comylgwhyh.iOSWeiBo;
				PRODUCT_NAME = "$(TARGET_NAME)";
			};
			name = Release;
		};
/* End XCBuildConfiguration section */

/* Begin XCConfigurationList section */
		EB03008D1CA11DBF005AA01B /* Build configuration list for PBXProject "iOSWeiBo" */ = {
			isa = XCConfigurationList;
			buildConfigurations = (
				EB0300A71CA11DBF005AA01B /* Debug */,
				EB0300A81CA11DBF005AA01B /* Release */,
			);
			defaultConfigurationIsVisible = 0;
			defaultConfigurationName = Release;
		};
		EB0300A91CA11DBF005AA01B /* Build configuration list for PBXNativeTarget "iOSWeiBo" */ = {
			isa = XCConfigurationList;
			buildConfigurations = (
				EB0300AA1CA11DBF005AA01B /* Debug */,
				EB0300AB1CA11DBF005AA01B /* Release */,
			);
			defaultConfigurationIsVisible = 0;
			defaultConfigurationName = Release;
		};
/* End XCConfigurationList section */
	};
	rootObject = EB03008A1CA11DBF005AA01B /* Project object */;
}
